// !$*UTF8*$!
{
	archiveVersion = 1;
	classes = {
	};
	objectVersion = 77;
	objects = {

/* Begin PBXBuildFile section */
		635C35602D05033A00A4A159 /* Preview Assets.xcassets in Resources */ = {isa = PBXBuildFile; fileRef = 635C355A2D05033A00A4A159 /* Preview Assets.xcassets */; };
		635C35612D05033A00A4A159 /* Assets.xcassets in Resources */ = {isa = PBXBuildFile; fileRef = 635C355C2D05033A00A4A159 /* Assets.xcassets */; };
		635C35622D05033A00A4A159 /* ContentView.swift in Sources */ = {isa = PBXBuildFile; fileRef = 635C355D2D05033A00A4A159 /* ContentView.swift */; };
		635C35632D05033A00A4A159 /* Mis_MangasApp.swift in Sources */ = {isa = PBXBuildFile; fileRef = 635C355E2D05033A00A4A159 /* Mis_MangasApp.swift */; };
		635EC4DB2D16F27C001B421C /* ModelDTO.swift in Sources */ = {isa = PBXBuildFile; fileRef = 635EC4DA2D16F27C001B421C /* ModelDTO.swift */; };
		635EC4DD2D16F345001B421C /* Model.swift in Sources */ = {isa = PBXBuildFile; fileRef = 635EC4DC2D16F345001B421C /* Model.swift */; };
		635EC4E02D284AC6001B421C /* URL.swift in Sources */ = {isa = PBXBuildFile; fileRef = 635EC4DF2D284AC6001B421C /* URL.swift */; };
		635EC4E22D2852EC001B421C /* URLRequest.swift in Sources */ = {isa = PBXBuildFile; fileRef = 635EC4E12D2852EC001B421C /* URLRequest.swift */; };
		635EC4E42D29636F001B421C /* NetworkError.swift in Sources */ = {isa = PBXBuildFile; fileRef = 635EC4E32D29636F001B421C /* NetworkError.swift */; };
		635EC4E82D29650A001B421C /* URLSession.swift in Sources */ = {isa = PBXBuildFile; fileRef = 635EC4E72D29650A001B421C /* URLSession.swift */; };
		635EC4EA2D2967C2001B421C /* NetworkInteractor.swift in Sources */ = {isa = PBXBuildFile; fileRef = 635EC4E92D2967C2001B421C /* NetworkInteractor.swift */; };
		635EC4ED2D296C1A001B421C /* Network.swift in Sources */ = {isa = PBXBuildFile; fileRef = 635EC4EC2D296C1A001B421C /* Network.swift */; };
		635EC4F02D297404001B421C /* MangasVM.swift in Sources */ = {isa = PBXBuildFile; fileRef = 635EC4EF2D297404001B421C /* MangasVM.swift */; };
		635EC4F22D2EF9A6001B421C /* mangasPreview.json in Resources */ = {isa = PBXBuildFile; fileRef = 635EC4F12D2EF9A6001B421C /* mangasPreview.json */; };
		635EC4F42D2EFA7E001B421C /* DataPreview.swift in Sources */ = {isa = PBXBuildFile; fileRef = 635EC4F32D2EFA7E001B421C /* DataPreview.swift */; };
		635EC4F62D31042E001B421C /* genrePreview.json in Resources */ = {isa = PBXBuildFile; fileRef = 635EC4F52D31042E001B421C /* genrePreview.json */; };
		635EC4F92D358FF1001B421C /* ImageDonwloader.swift in Sources */ = {isa = PBXBuildFile; fileRef = 635EC4F82D358FF1001B421C /* ImageDonwloader.swift */; };
		635EC4FD2D36E07E001B421C /* ImageVM.swift in Sources */ = {isa = PBXBuildFile; fileRef = 635EC4FC2D36E07E001B421C /* ImageVM.swift */; };
		635EC4FF2D36E1D6001B421C /* UIImage.swift in Sources */ = {isa = PBXBuildFile; fileRef = 635EC4FE2D36E1D6001B421C /* UIImage.swift */; };
		635EC5012D36E778001B421C /* ImageView.swift in Sources */ = {isa = PBXBuildFile; fileRef = 635EC5002D36E778001B421C /* ImageView.swift */; };
		E91CDF882D44FA1F00565D8D /* PathAPI.swift in Sources */ = {isa = PBXBuildFile; fileRef = E91CDF872D44FA1F00565D8D /* PathAPI.swift */; };
		E91CDF8A2D46DC8500565D8D /* DetailMangaView.swift in Sources */ = {isa = PBXBuildFile; fileRef = E91CDF892D46DC8500565D8D /* DetailMangaView.swift */; };
		E99093FA2D4B634400FC2AEE /* SummaryView.swift in Sources */ = {isa = PBXBuildFile; fileRef = E99093F92D4B634400FC2AEE /* SummaryView.swift */; };
/* End PBXBuildFile section */

/* Begin PBXFileReference section */
		635C35492D0502E500A4A159 /* Mis Mangas.app */ = {isa = PBXFileReference; explicitFileType = wrapper.application; includeInIndex = 0; path = "Mis Mangas.app"; sourceTree = BUILT_PRODUCTS_DIR; };
		635C355A2D05033A00A4A159 /* Preview Assets.xcassets */ = {isa = PBXFileReference; lastKnownFileType = folder.assetcatalog; path = "Preview Assets.xcassets"; sourceTree = "<group>"; };
		635C355C2D05033A00A4A159 /* Assets.xcassets */ = {isa = PBXFileReference; lastKnownFileType = folder.assetcatalog; path = Assets.xcassets; sourceTree = "<group>"; };
		635C355D2D05033A00A4A159 /* ContentView.swift */ = {isa = PBXFileReference; lastKnownFileType = sourcecode.swift; path = ContentView.swift; sourceTree = "<group>"; };
		635C355E2D05033A00A4A159 /* Mis_MangasApp.swift */ = {isa = PBXFileReference; lastKnownFileType = sourcecode.swift; path = Mis_MangasApp.swift; sourceTree = "<group>"; };
		635EC4DA2D16F27C001B421C /* ModelDTO.swift */ = {isa = PBXFileReference; lastKnownFileType = sourcecode.swift; path = ModelDTO.swift; sourceTree = "<group>"; };
		635EC4DC2D16F345001B421C /* Model.swift */ = {isa = PBXFileReference; lastKnownFileType = sourcecode.swift; path = Model.swift; sourceTree = "<group>"; };
		635EC4DF2D284AC6001B421C /* URL.swift */ = {isa = PBXFileReference; lastKnownFileType = sourcecode.swift; path = URL.swift; sourceTree = "<group>"; };
		635EC4E12D2852EC001B421C /* URLRequest.swift */ = {isa = PBXFileReference; lastKnownFileType = sourcecode.swift; path = URLRequest.swift; sourceTree = "<group>"; };
		635EC4E32D29636F001B421C /* NetworkError.swift */ = {isa = PBXFileReference; lastKnownFileType = sourcecode.swift; path = NetworkError.swift; sourceTree = "<group>"; };
		635EC4E72D29650A001B421C /* URLSession.swift */ = {isa = PBXFileReference; lastKnownFileType = sourcecode.swift; path = URLSession.swift; sourceTree = "<group>"; };
		635EC4E92D2967C2001B421C /* NetworkInteractor.swift */ = {isa = PBXFileReference; lastKnownFileType = sourcecode.swift; path = NetworkInteractor.swift; sourceTree = "<group>"; };
		635EC4EC2D296C1A001B421C /* Network.swift */ = {isa = PBXFileReference; lastKnownFileType = sourcecode.swift; path = Network.swift; sourceTree = "<group>"; };
		635EC4EF2D297404001B421C /* MangasVM.swift */ = {isa = PBXFileReference; lastKnownFileType = sourcecode.swift; path = MangasVM.swift; sourceTree = "<group>"; };
		635EC4F12D2EF9A6001B421C /* mangasPreview.json */ = {isa = PBXFileReference; lastKnownFileType = text.json; path = mangasPreview.json; sourceTree = "<group>"; };
		635EC4F32D2EFA7E001B421C /* DataPreview.swift */ = {isa = PBXFileReference; lastKnownFileType = sourcecode.swift; path = DataPreview.swift; sourceTree = "<group>"; };
		635EC4F52D31042E001B421C /* genrePreview.json */ = {isa = PBXFileReference; lastKnownFileType = text.json; path = genrePreview.json; sourceTree = "<group>"; };
		635EC4F82D358FF1001B421C /* ImageDonwloader.swift */ = {isa = PBXFileReference; lastKnownFileType = sourcecode.swift; path = ImageDonwloader.swift; sourceTree = "<group>"; };
		635EC4FC2D36E07E001B421C /* ImageVM.swift */ = {isa = PBXFileReference; lastKnownFileType = sourcecode.swift; path = ImageVM.swift; sourceTree = "<group>"; };
		635EC4FE2D36E1D6001B421C /* UIImage.swift */ = {isa = PBXFileReference; lastKnownFileType = sourcecode.swift; path = UIImage.swift; sourceTree = "<group>"; };
		635EC5002D36E778001B421C /* ImageView.swift */ = {isa = PBXFileReference; lastKnownFileType = sourcecode.swift; path = ImageView.swift; sourceTree = "<group>"; };
		E91CDF872D44FA1F00565D8D /* PathAPI.swift */ = {isa = PBXFileReference; lastKnownFileType = sourcecode.swift; path = PathAPI.swift; sourceTree = "<group>"; };
		E91CDF892D46DC8500565D8D /* DetailMangaView.swift */ = {isa = PBXFileReference; lastKnownFileType = sourcecode.swift; path = DetailMangaView.swift; sourceTree = "<group>"; };
		E99093F92D4B634400FC2AEE /* SummaryView.swift */ = {isa = PBXFileReference; lastKnownFileType = sourcecode.swift; path = SummaryView.swift; sourceTree = "<group>"; };
/* End PBXFileReference section */

/* Begin PBXFrameworksBuildPhase section */
		635C35462D0502E500A4A159 /* Frameworks */ = {
			isa = PBXFrameworksBuildPhase;
			buildActionMask = 2147483647;
			files = (
			);
			runOnlyForDeploymentPostprocessing = 0;
		};
/* End PBXFrameworksBuildPhase section */

/* Begin PBXGroup section */
		635C35402D0502E500A4A159 = {
			isa = PBXGroup;
			children = (
				635C355F2D05033A00A4A159 /* Mis Mangas */,
				635C354A2D0502E500A4A159 /* Products */,
			);
			sourceTree = "<group>";
		};
		635C354A2D0502E500A4A159 /* Products */ = {
			isa = PBXGroup;
			children = (
				635C35492D0502E500A4A159 /* Mis Mangas.app */,
			);
			name = Products;
			sourceTree = "<group>";
		};
		635C355B2D05033A00A4A159 /* Preview Content */ = {
			isa = PBXGroup;
			children = (
				635C355A2D05033A00A4A159 /* Preview Assets.xcassets */,
				635EC4F12D2EF9A6001B421C /* mangasPreview.json */,
				635EC4F52D31042E001B421C /* genrePreview.json */,
				635EC4F32D2EFA7E001B421C /* DataPreview.swift */,
			);
			path = "Preview Content";
			sourceTree = "<group>";
		};
		635C355F2D05033A00A4A159 /* Mis Mangas */ = {
			isa = PBXGroup;
			children = (
				63B058D52D3D773300625454 /* Views */,
				635EC4F72D358FD0001B421C /* Components */,
				635EC4EE2D2973E4001B421C /* ViewModel */,
				635EC4EB2D296C02001B421C /* Repository */,
				635EC4DE2D284AAF001B421C /* Interface */,
				635EC4D92D16F256001B421C /* Model */,
				635EC4FB2D359A2B001B421C /* Extension */,
				635C355C2D05033A00A4A159 /* Assets.xcassets */,
				635C355B2D05033A00A4A159 /* Preview Content */,
				635C355E2D05033A00A4A159 /* Mis_MangasApp.swift */,
			);
			path = "Mis Mangas";
			sourceTree = "<group>";
		};
		635EC4D92D16F256001B421C /* Model */ = {
			isa = PBXGroup;
			children = (
				635EC4DA2D16F27C001B421C /* ModelDTO.swift */,
				635EC4DC2D16F345001B421C /* Model.swift */,
			);
			path = Model;
			sourceTree = "<group>";
		};
		635EC4DE2D284AAF001B421C /* Interface */ = {
			isa = PBXGroup;
			children = (
				635EC4DF2D284AC6001B421C /* URL.swift */,
				635EC4E12D2852EC001B421C /* URLRequest.swift */,
				635EC4E32D29636F001B421C /* NetworkError.swift */,
				635EC4E72D29650A001B421C /* URLSession.swift */,
				635EC4E92D2967C2001B421C /* NetworkInteractor.swift */,
				E91CDF872D44FA1F00565D8D /* PathAPI.swift */,
			);
			path = Interface;
			sourceTree = "<group>";
		};
		635EC4EB2D296C02001B421C /* Repository */ = {
			isa = PBXGroup;
			children = (
				635EC4EC2D296C1A001B421C /* Network.swift */,
				635EC4F82D358FF1001B421C /* ImageDonwloader.swift */,
			);
			path = Repository;
			sourceTree = "<group>";
		};
		635EC4EE2D2973E4001B421C /* ViewModel */ = {
			isa = PBXGroup;
			children = (
				635EC4EF2D297404001B421C /* MangasVM.swift */,
				635EC4FC2D36E07E001B421C /* ImageVM.swift */,
			);
			path = ViewModel;
			sourceTree = "<group>";
		};
		635EC4F72D358FD0001B421C /* Components */ = {
			isa = PBXGroup;
			children = (
				635EC5002D36E778001B421C /* ImageView.swift */,
			);
			path = Components;
			sourceTree = "<group>";
		};
		635EC4FB2D359A2B001B421C /* Extension */ = {
			isa = PBXGroup;
			children = (
				635EC4FE2D36E1D6001B421C /* UIImage.swift */,
			);
			path = Extension;
			sourceTree = "<group>";
		};
		63B058D52D3D773300625454 /* Views */ = {
			isa = PBXGroup;
			children = (
				635C355D2D05033A00A4A159 /* ContentView.swift */,
				E91CDF892D46DC8500565D8D /* DetailMangaView.swift */,
				E99093F92D4B634400FC2AEE /* SummaryView.swift */,
			);
			path = Views;
			sourceTree = "<group>";
		};
/* End PBXGroup section */

/* Begin PBXNativeTarget section */
		635C35482D0502E500A4A159 /* Mis Mangas */ = {
			isa = PBXNativeTarget;
			buildConfigurationList = 635C35572D0502E700A4A159 /* Build configuration list for PBXNativeTarget "Mis Mangas" */;
			buildPhases = (
				635C35452D0502E500A4A159 /* Sources */,
				635C35462D0502E500A4A159 /* Frameworks */,
				635C35472D0502E500A4A159 /* Resources */,
			);
			buildRules = (
			);
			dependencies = (
			);
			name = "Mis Mangas";
			packageProductDependencies = (
			);
			productName = "Mis Mangas";
			productReference = 635C35492D0502E500A4A159 /* Mis Mangas.app */;
			productType = "com.apple.product-type.application";
		};
/* End PBXNativeTarget section */

/* Begin PBXProject section */
		635C35412D0502E500A4A159 /* Project object */ = {
			isa = PBXProject;
			attributes = {
				BuildIndependentTargetsInParallel = 1;
				LastSwiftUpdateCheck = 1610;
				LastUpgradeCheck = 1610;
				TargetAttributes = {
					635C35482D0502E500A4A159 = {
						CreatedOnToolsVersion = 16.1;
					};
				};
			};
			buildConfigurationList = 635C35442D0502E500A4A159 /* Build configuration list for PBXProject "Mis Mangas" */;
			developmentRegion = en;
			hasScannedForEncodings = 0;
			knownRegions = (
				en,
				Base,
			);
			mainGroup = 635C35402D0502E500A4A159;
			minimizedProjectReferenceProxies = 1;
			preferredProjectObjectVersion = 77;
			productRefGroup = 635C354A2D0502E500A4A159 /* Products */;
			projectDirPath = "";
			projectRoot = "";
			targets = (
				635C35482D0502E500A4A159 /* Mis Mangas */,
			);
		};
/* End PBXProject section */

/* Begin PBXResourcesBuildPhase section */
		635C35472D0502E500A4A159 /* Resources */ = {
			isa = PBXResourcesBuildPhase;
			buildActionMask = 2147483647;
			files = (
				635C35602D05033A00A4A159 /* Preview Assets.xcassets in Resources */,
				635C35612D05033A00A4A159 /* Assets.xcassets in Resources */,
				635EC4F22D2EF9A6001B421C /* mangasPreview.json in Resources */,
				635EC4F62D31042E001B421C /* genrePreview.json in Resources */,
			);
			runOnlyForDeploymentPostprocessing = 0;
		};
/* End PBXResourcesBuildPhase section */

/* Begin PBXSourcesBuildPhase section */
		635C35452D0502E500A4A159 /* Sources */ = {
			isa = PBXSourcesBuildPhase;
			buildActionMask = 2147483647;
			files = (
				635EC4FD2D36E07E001B421C /* ImageVM.swift in Sources */,
				635EC4F42D2EFA7E001B421C /* DataPreview.swift in Sources */,
				635EC4ED2D296C1A001B421C /* Network.swift in Sources */,
				635EC4E02D284AC6001B421C /* URL.swift in Sources */,
				635EC4F02D297404001B421C /* MangasVM.swift in Sources */,
				635EC4EA2D2967C2001B421C /* NetworkInteractor.swift in Sources */,
				635EC4FF2D36E1D6001B421C /* UIImage.swift in Sources */,
				635EC4E42D29636F001B421C /* NetworkError.swift in Sources */,
				E91CDF8A2D46DC8500565D8D /* DetailMangaView.swift in Sources */,
				635EC5012D36E778001B421C /* ImageView.swift in Sources */,
				635EC4E82D29650A001B421C /* URLSession.swift in Sources */,
				E99093FA2D4B634400FC2AEE /* SummaryView.swift in Sources */,
				635EC4DB2D16F27C001B421C /* ModelDTO.swift in Sources */,
				635C35622D05033A00A4A159 /* ContentView.swift in Sources */,
				635EC4E22D2852EC001B421C /* URLRequest.swift in Sources */,
				635C35632D05033A00A4A159 /* Mis_MangasApp.swift in Sources */,
				635EC4F92D358FF1001B421C /* ImageDonwloader.swift in Sources */,
				635EC4DD2D16F345001B421C /* Model.swift in Sources */,
				E91CDF882D44FA1F00565D8D /* PathAPI.swift in Sources */,
			);
			runOnlyForDeploymentPostprocessing = 0;
		};
/* End PBXSourcesBuildPhase section */

/* Begin XCBuildConfiguration section */
		635C35552D0502E700A4A159 /* Debug */ = {
			isa = XCBuildConfiguration;
			buildSettings = {
				ALWAYS_SEARCH_USER_PATHS = NO;
				ASSETCATALOG_COMPILER_GENERATE_SWIFT_ASSET_SYMBOL_EXTENSIONS = YES;
				CLANG_ANALYZER_NONNULL = YES;
				CLANG_ANALYZER_NUMBER_OBJECT_CONVERSION = YES_AGGRESSIVE;
				CLANG_CXX_LANGUAGE_STANDARD = "gnu++20";
				CLANG_ENABLE_MODULES = YES;
				CLANG_ENABLE_OBJC_ARC = YES;
				CLANG_ENABLE_OBJC_WEAK = YES;
				CLANG_WARN_BLOCK_CAPTURE_AUTORELEASING = YES;
				CLANG_WARN_BOOL_CONVERSION = YES;
				CLANG_WARN_COMMA = YES;
				CLANG_WARN_CONSTANT_CONVERSION = YES;
				CLANG_WARN_DEPRECATED_OBJC_IMPLEMENTATIONS = YES;
				CLANG_WARN_DIRECT_OBJC_ISA_USAGE = YES_ERROR;
				CLANG_WARN_DOCUMENTATION_COMMENTS = YES;
				CLANG_WARN_EMPTY_BODY = YES;
				CLANG_WARN_ENUM_CONVERSION = YES;
				CLANG_WARN_INFINITE_RECURSION = YES;
				CLANG_WARN_INT_CONVERSION = YES;
				CLANG_WARN_NON_LITERAL_NULL_CONVERSION = YES;
				CLANG_WARN_OBJC_IMPLICIT_RETAIN_SELF = YES;
				CLANG_WARN_OBJC_LITERAL_CONVERSION = YES;
				CLANG_WARN_OBJC_ROOT_CLASS = YES_ERROR;
				CLANG_WARN_QUOTED_INCLUDE_IN_FRAMEWORK_HEADER = YES;
				CLANG_WARN_RANGE_LOOP_ANALYSIS = YES;
				CLANG_WARN_STRICT_PROTOTYPES = YES;
				CLANG_WARN_SUSPICIOUS_MOVE = YES;
				CLANG_WARN_UNGUARDED_AVAILABILITY = YES_AGGRESSIVE;
				CLANG_WARN_UNREACHABLE_CODE = YES;
				CLANG_WARN__DUPLICATE_METHOD_MATCH = YES;
				COPY_PHASE_STRIP = NO;
				DEBUG_INFORMATION_FORMAT = dwarf;
				ENABLE_STRICT_OBJC_MSGSEND = YES;
				ENABLE_TESTABILITY = YES;
				ENABLE_USER_SCRIPT_SANDBOXING = YES;
				GCC_C_LANGUAGE_STANDARD = gnu17;
				GCC_DYNAMIC_NO_PIC = NO;
				GCC_NO_COMMON_BLOCKS = YES;
				GCC_OPTIMIZATION_LEVEL = 0;
				GCC_PREPROCESSOR_DEFINITIONS = (
					"DEBUG=1",
					"$(inherited)",
				);
				GCC_WARN_64_TO_32_BIT_CONVERSION = YES;
				GCC_WARN_ABOUT_RETURN_TYPE = YES_ERROR;
				GCC_WARN_UNDECLARED_SELECTOR = YES;
				GCC_WARN_UNINITIALIZED_AUTOS = YES_AGGRESSIVE;
				GCC_WARN_UNUSED_FUNCTION = YES;
				GCC_WARN_UNUSED_VARIABLE = YES;
				IPHONEOS_DEPLOYMENT_TARGET = 18.1;
				LOCALIZATION_PREFERS_STRING_CATALOGS = YES;
				MTL_ENABLE_DEBUG_INFO = INCLUDE_SOURCE;
				MTL_FAST_MATH = YES;
				ONLY_ACTIVE_ARCH = YES;
				SDKROOT = iphoneos;
				SWIFT_ACTIVE_COMPILATION_CONDITIONS = "DEBUG $(inherited)";
				SWIFT_OPTIMIZATION_LEVEL = "-Onone";
			};
			name = Debug;
		};
		635C35562D0502E700A4A159 /* Release */ = {
			isa = XCBuildConfiguration;
			buildSettings = {
				ALWAYS_SEARCH_USER_PATHS = NO;
				ASSETCATALOG_COMPILER_GENERATE_SWIFT_ASSET_SYMBOL_EXTENSIONS = YES;
				CLANG_ANALYZER_NONNULL = YES;
				CLANG_ANALYZER_NUMBER_OBJECT_CONVERSION = YES_AGGRESSIVE;
				CLANG_CXX_LANGUAGE_STANDARD = "gnu++20";
				CLANG_ENABLE_MODULES = YES;
				CLANG_ENABLE_OBJC_ARC = YES;
				CLANG_ENABLE_OBJC_WEAK = YES;
				CLANG_WARN_BLOCK_CAPTURE_AUTORELEASING = YES;
				CLANG_WARN_BOOL_CONVERSION = YES;
				CLANG_WARN_COMMA = YES;
				CLANG_WARN_CONSTANT_CONVERSION = YES;
				CLANG_WARN_DEPRECATED_OBJC_IMPLEMENTATIONS = YES;
				CLANG_WARN_DIRECT_OBJC_ISA_USAGE = YES_ERROR;
				CLANG_WARN_DOCUMENTATION_COMMENTS = YES;
				CLANG_WARN_EMPTY_BODY = YES;
				CLANG_WARN_ENUM_CONVERSION = YES;
				CLANG_WARN_INFINITE_RECURSION = YES;
				CLANG_WARN_INT_CONVERSION = YES;
				CLANG_WARN_NON_LITERAL_NULL_CONVERSION = YES;
				CLANG_WARN_OBJC_IMPLICIT_RETAIN_SELF = YES;
				CLANG_WARN_OBJC_LITERAL_CONVERSION = YES;
				CLANG_WARN_OBJC_ROOT_CLASS = YES_ERROR;
				CLANG_WARN_QUOTED_INCLUDE_IN_FRAMEWORK_HEADER = YES;
				CLANG_WARN_RANGE_LOOP_ANALYSIS = YES;
				CLANG_WARN_STRICT_PROTOTYPES = YES;
				CLANG_WARN_SUSPICIOUS_MOVE = YES;
				CLANG_WARN_UNGUARDED_AVAILABILITY = YES_AGGRESSIVE;
				CLANG_WARN_UNREACHABLE_CODE = YES;
				CLANG_WARN__DUPLICATE_METHOD_MATCH = YES;
				COPY_PHASE_STRIP = NO;
				DEBUG_INFORMATION_FORMAT = "dwarf-with-dsym";
				ENABLE_NS_ASSERTIONS = NO;
				ENABLE_STRICT_OBJC_MSGSEND = YES;
				ENABLE_USER_SCRIPT_SANDBOXING = YES;
				GCC_C_LANGUAGE_STANDARD = gnu17;
				GCC_NO_COMMON_BLOCKS = YES;
				GCC_WARN_64_TO_32_BIT_CONVERSION = YES;
				GCC_WARN_ABOUT_RETURN_TYPE = YES_ERROR;
				GCC_WARN_UNDECLARED_SELECTOR = YES;
				GCC_WARN_UNINITIALIZED_AUTOS = YES_AGGRESSIVE;
				GCC_WARN_UNUSED_FUNCTION = YES;
				GCC_WARN_UNUSED_VARIABLE = YES;
				IPHONEOS_DEPLOYMENT_TARGET = 18.1;
				LOCALIZATION_PREFERS_STRING_CATALOGS = YES;
				MTL_ENABLE_DEBUG_INFO = NO;
				MTL_FAST_MATH = YES;
				SDKROOT = iphoneos;
				SWIFT_COMPILATION_MODE = wholemodule;
				VALIDATE_PRODUCT = YES;
			};
			name = Release;
		};
		635C35582D0502E700A4A159 /* Debug */ = {
			isa = XCBuildConfiguration;
			buildSettings = {
				ASSETCATALOG_COMPILER_APPICON_NAME = AppIcon;
				ASSETCATALOG_COMPILER_GLOBAL_ACCENT_COLOR_NAME = AccentColor;
				CODE_SIGN_STYLE = Automatic;
				CURRENT_PROJECT_VERSION = 1;
				DEVELOPMENT_ASSET_PATHS = "\"Mis Mangas/Preview Content\"";
				DEVELOPMENT_TEAM = U9NYHS92D5;
				ENABLE_PREVIEWS = YES;
				GENERATE_INFOPLIST_FILE = YES;
				INFOPLIST_KEY_UIApplicationSceneManifest_Generation = YES;
				INFOPLIST_KEY_UIApplicationSupportsIndirectInputEvents = YES;
				INFOPLIST_KEY_UILaunchScreen_Generation = YES;
				INFOPLIST_KEY_UISupportedInterfaceOrientations_iPad = "UIInterfaceOrientationPortrait UIInterfaceOrientationPortraitUpsideDown UIInterfaceOrientationLandscapeLeft UIInterfaceOrientationLandscapeRight";
				INFOPLIST_KEY_UISupportedInterfaceOrientations_iPhone = "UIInterfaceOrientationPortrait UIInterfaceOrientationLandscapeLeft UIInterfaceOrientationLandscapeRight";
				IPHONEOS_DEPLOYMENT_TARGET = 18.0;
				LD_RUNPATH_SEARCH_PATHS = (
					"$(inherited)",
					"@executable_path/Frameworks",
				);
				MARKETING_VERSION = 1.0;
				PRODUCT_BUNDLE_IDENTIFIER = "luis-david-diaz-ramirez.Mis-Mangas";
				PRODUCT_NAME = "$(TARGET_NAME)";
				SWIFT_EMIT_LOC_STRINGS = YES;
				SWIFT_VERSION = 6.0;
				TARGETED_DEVICE_FAMILY = "1,2";
			};
			name = Debug;
		};
		635C35592D0502E700A4A159 /* Release */ = {
			isa = XCBuildConfiguration;
			buildSettings = {
				ASSETCATALOG_COMPILER_APPICON_NAME = AppIcon;
				ASSETCATALOG_COMPILER_GLOBAL_ACCENT_COLOR_NAME = AccentColor;
				CODE_SIGN_STYLE = Automatic;
				CURRENT_PROJECT_VERSION = 1;
				DEVELOPMENT_ASSET_PATHS = "\"Mis Mangas/Preview Content\"";
				DEVELOPMENT_TEAM = U9NYHS92D5;
				ENABLE_PREVIEWS = YES;
				GENERATE_INFOPLIST_FILE = YES;
				INFOPLIST_KEY_UIApplicationSceneManifest_Generation = YES;
				INFOPLIST_KEY_UIApplicationSupportsIndirectInputEvents = YES;
				INFOPLIST_KEY_UILaunchScreen_Generation = YES;
				INFOPLIST_KEY_UISupportedInterfaceOrientations_iPad = "UIInterfaceOrientationPortrait UIInterfaceOrientationPortraitUpsideDown UIInterfaceOrientationLandscapeLeft UIInterfaceOrientationLandscapeRight";
				INFOPLIST_KEY_UISupportedInterfaceOrientations_iPhone = "UIInterfaceOrientationPortrait UIInterfaceOrientationLandscapeLeft UIInterfaceOrientationLandscapeRight";
				IPHONEOS_DEPLOYMENT_TARGET = 18.0;
				LD_RUNPATH_SEARCH_PATHS = (
					"$(inherited)",
					"@executable_path/Frameworks",
				);
				MARKETING_VERSION = 1.0;
				PRODUCT_BUNDLE_IDENTIFIER = "luis-david-diaz-ramirez.Mis-Mangas";
				PRODUCT_NAME = "$(TARGET_NAME)";
				SWIFT_EMIT_LOC_STRINGS = YES;
				SWIFT_VERSION = 6.0;
				TARGETED_DEVICE_FAMILY = "1,2";
			};
			name = Release;
		};
/* End XCBuildConfiguration section */

/* Begin XCConfigurationList section */
		635C35442D0502E500A4A159 /* Build configuration list for PBXProject "Mis Mangas" */ = {
			isa = XCConfigurationList;
			buildConfigurations = (
				635C35552D0502E700A4A159 /* Debug */,
				635C35562D0502E700A4A159 /* Release */,
			);
			defaultConfigurationIsVisible = 0;
			defaultConfigurationName = Release;
		};
		635C35572D0502E700A4A159 /* Build configuration list for PBXNativeTarget "Mis Mangas" */ = {
			isa = XCConfigurationList;
			buildConfigurations = (
				635C35582D0502E700A4A159 /* Debug */,
				635C35592D0502E700A4A159 /* Release */,
			);
			defaultConfigurationIsVisible = 0;
			defaultConfigurationName = Release;
		};
/* End XCConfigurationList section */
	};
	rootObject = 635C35412D0502E500A4A159 /* Project object */;
}
